NeoBundleLock emmet-vim 57a5263d1d5beb3a35bf5ea27821bdd056d08c09
NeoBundleLock grep.vim 852ddb0c6590bbc41c508d7f5d2fc17112492def
NeoBundleLock html5.vim 9bfa00bdb3fdca07c490b527e5e6ec6c4b017d3b
NeoBundleLock neobundle.vim 785e1415578b40690f96488b6dfd9e0a027a8af9
NeoBundleLock neomru.vim 8655b3ba4e33a9e9d2f77c26365458c1702bdb16
NeoBundleLock nerdtree bcf3de4fdffae45fc7c85b6b84a01b37177924aa
NeoBundleLock open-browser.vim a3d9bba498c610a2bb1029fd51a3ac3b6b144147
NeoBundleLock syntastic 47c70b3e1e388d8f9cc7c6d9687efc047df843ac
NeoBundleLock tcomment_vim 547b03ab3c37780036a6de592a02df4aaec3a528
NeoBundleLock unite.vim 3a25f2a1992e0e39d62a2034590580df540d8b80
NeoBundleLock vim-browsereload-mac b73cc98c18c28869ed99562f6a3c142cb2906029
NeoBundleLock vim-css3-syntax 551475e48af9452729c291245f493c22dcc3a10e
NeoBundleLock vim-indent-guides 4895e860258cd24c975255ef459af4b956107557
NeoBundleLock vim-quickrun ec9f7f2c26dd49ffaf4f3ce8c6254c76696fbf41
NeoBundleLock vim-splash 04085f4fbe1ed50e0f9854587cfa6c2a33fb9451
NeoBundleLock vim-trailing-whitespace 478b217d299b6f5938b43a4929d6bb0907cc3a56
NeoBundleLock webapi-vim 6d577e49aeb81b4ede280161ca1e550c9328d098
